github.com/accnameOwl/calendb v0.0.0-20200823063909-f5e0f90489db h1:BcBrCbSA1yjvX79CiFIoQoRUCV+VPtMSjLnD+YLMCMY=
github.com/accnameowl/calendb v0.0.0-20200823063909-f5e0f90489db h1:Pf0PF001c9dnc6n9V0bBzGaDUNYpcB+wzhc9tqgc6wA=
github.com/accnameowl/calendb v0.0.0-20200823063909-f5e0f90489db/go.mod h1:IRYneYcZHkMcbtMYfAq86xRusr9PxVfZEeDff07Ru9k=
